
Microsoft Visual Studio Solution File, Format Version 12.00
# Visual Studio Version 17
VisualStudioVersion = 17.2.32516.85
MinimumVisualStudioVersion = 10.0.40219.1
Project("{E24C65DC-7377-472B-9ABA-BC803B73C61A}") = "Project2", ".", "{32496628-7707-40C0-BE3B-92892E88785C}"
	ProjectSection(WebsiteProperties) = preProject
		TargetFrameworkMoniker = ".NETFramework,Version%3Dv4.7.2"
		Debug.AspNetCompiler.VirtualPath = "/localhost_59010"
		Debug.AspNetCompiler.PhysicalPath = "..\Project2\"
		Debug.AspNetCompiler.TargetPath = "PrecompiledWeb\localhost_59010\"
		Debug.AspNetCompiler.Updateable = "true"
		Debug.AspNetCompiler.ForceOverwrite = "true"
		Debug.AspNetCompiler.FixedNames = "false"
		Debug.AspNetCompiler.Debug = "True"
		Release.AspNetCompiler.VirtualPath = "/localhost_59010"
		Release.AspNetCompiler.PhysicalPath = "..\Project2\"
		Release.AspNetCompiler.TargetPath = "PrecompiledWeb\localhost_59010\"
		Release.AspNetCompiler.Updateable = "true"
		Release.AspNetCompiler.ForceOverwrite = "true"
		Release.AspNetCompiler.FixedNames = "false"
		Release.AspNetCompiler.Debug = "False"
		VWDPort = "59010"
		SlnRelativePath = "..\Project2\"
		DefaultWebSiteLanguage = "Visual C#"
	EndProjectSection
EndProject
Global
	GlobalSection(SolutionConfigurationPlatforms) = preSolution
		Debug|Any CPU = Debug|Any CPU
	EndGlobalSection
	GlobalSection(ProjectConfigurationPlatforms) = postSolution
		{32496628-7707-40C0-BE3B-92892E88785C}.Debug|Any CPU.ActiveCfg = Debug|Any CPU
		{32496628-7707-40C0-BE3B-92892E88785C}.Debug|Any CPU.Build.0 = Debug|Any CPU
	EndGlobalSection
	GlobalSection(SolutionProperties) = preSolution
		HideSolutionNode = FALSE
	EndGlobalSection
	GlobalSection(ExtensibilityGlobals) = postSolution
		SolutionGuid = {78181155-968A-49DF-B9EB-759E8315AB10}
	EndGlobalSection
EndGlobal
